
Microsoft Visual Studio Solution File, Format Version 12.00
# Visual Studio Version 17
VisualStudioVersion = 17.5.33424.131
MinimumVisualStudioVersion = 10.0.40219.1
Project("{FAE04EC0-301F-11D3-BF4B-00C04F79EFBC}") = "Ejercicio30", "Ejercicio30\Ejercicio30.csproj", "{90C12D8B-3755-4AD2-B042-2C4CF75F4C92}"
EndProject
Global
	GlobalSection(SolutionConfigurationPlatforms) = preSolution
		Debug|Any CPU = Debug|Any CPU
		Release|Any CPU = Release|Any CPU
	EndGlobalSection
	GlobalSection(ProjectConfigurationPlatforms) = postSolution
		{90C12D8B-3755-4AD2-B042-2C4CF75F4C92}.Debug|Any CPU.ActiveCfg = Debug|Any CPU
		{90C12D8B-3755-4AD2-B042-2C4CF75F4C92}.Debug|Any CPU.Build.0 = Debug|Any CPU
		{90C12D8B-3755-4AD2-B042-2C4CF75F4C92}.Release|Any CPU.ActiveCfg = Release|Any CPU
		{90C12D8B-3755-4AD2-B042-2C4CF75F4C92}.Release|Any CPU.Build.0 = Release|Any CPU
	EndGlobalSection
	GlobalSection(SolutionProperties) = preSolution
		HideSolutionNode = FALSE
	EndGlobalSection
	GlobalSection(ExtensibilityGlobals) = postSolution
		SolutionGuid = {75451598-C4EC-4FA7-84FA-DC075F1B89D0}
	EndGlobalSection
EndGlobal
