
Microsoft Visual Studio Solution File, Format Version 12.00
# Visual Studio Version 17
VisualStudioVersion = 17.5.33424.131
MinimumVisualStudioVersion = 10.0.40219.1
Project("{FAE04EC0-301F-11D3-BF4B-00C04F79EFBC}") = "Ejercicio9", "Ejercicio9\Ejercicio9.csproj", "{83407900-28FD-40AC-9AB0-5ED44F7BDB5A}"
EndProject
Global
	GlobalSection(SolutionConfigurationPlatforms) = preSolution
		Debug|Any CPU = Debug|Any CPU
		Release|Any CPU = Release|Any CPU
	EndGlobalSection
	GlobalSection(ProjectConfigurationPlatforms) = postSolution
		{83407900-28FD-40AC-9AB0-5ED44F7BDB5A}.Debug|Any CPU.ActiveCfg = Debug|Any CPU
		{83407900-28FD-40AC-9AB0-5ED44F7BDB5A}.Debug|Any CPU.Build.0 = Debug|Any CPU
		{83407900-28FD-40AC-9AB0-5ED44F7BDB5A}.Release|Any CPU.ActiveCfg = Release|Any CPU
		{83407900-28FD-40AC-9AB0-5ED44F7BDB5A}.Release|Any CPU.Build.0 = Release|Any CPU
	EndGlobalSection
	GlobalSection(SolutionProperties) = preSolution
		HideSolutionNode = FALSE
	EndGlobalSection
	GlobalSection(ExtensibilityGlobals) = postSolution
		SolutionGuid = {6536480D-4AC7-4B21-9852-9CF4C01969A2}
	EndGlobalSection
EndGlobal
