
Microsoft Visual Studio Solution File, Format Version 12.00
# Visual Studio Version 17
VisualStudioVersion = 17.5.33424.131
MinimumVisualStudioVersion = 10.0.40219.1
Project("{FAE04EC0-301F-11D3-BF4B-00C04F79EFBC}") = "Ejercicio20", "Ejercicio20\Ejercicio20.csproj", "{A2BCAC3F-1CFE-4B59-B27E-496DAF05353B}"
EndProject
Global
	GlobalSection(SolutionConfigurationPlatforms) = preSolution
		Debug|Any CPU = Debug|Any CPU
		Release|Any CPU = Release|Any CPU
	EndGlobalSection
	GlobalSection(ProjectConfigurationPlatforms) = postSolution
		{A2BCAC3F-1CFE-4B59-B27E-496DAF05353B}.Debug|Any CPU.ActiveCfg = Debug|Any CPU
		{A2BCAC3F-1CFE-4B59-B27E-496DAF05353B}.Debug|Any CPU.Build.0 = Debug|Any CPU
		{A2BCAC3F-1CFE-4B59-B27E-496DAF05353B}.Release|Any CPU.ActiveCfg = Release|Any CPU
		{A2BCAC3F-1CFE-4B59-B27E-496DAF05353B}.Release|Any CPU.Build.0 = Release|Any CPU
	EndGlobalSection
	GlobalSection(SolutionProperties) = preSolution
		HideSolutionNode = FALSE
	EndGlobalSection
	GlobalSection(ExtensibilityGlobals) = postSolution
		SolutionGuid = {95C4A7AC-64C3-4922-B523-652C3D0B5A33}
	EndGlobalSection
EndGlobal
