
Microsoft Visual Studio Solution File, Format Version 12.00
# Visual Studio Version 17
VisualStudioVersion = 17.5.33424.131
MinimumVisualStudioVersion = 10.0.40219.1
Project("{FAE04EC0-301F-11D3-BF4B-00C04F79EFBC}") = "EjemploConversiones", "EjemploConversiones\EjemploConversiones.csproj", "{EC2460B7-EA75-4BB9-A13E-AC3A628389FB}"
EndProject
Global
	GlobalSection(SolutionConfigurationPlatforms) = preSolution
		Debug|Any CPU = Debug|Any CPU
		Release|Any CPU = Release|Any CPU
	EndGlobalSection
	GlobalSection(ProjectConfigurationPlatforms) = postSolution
		{EC2460B7-EA75-4BB9-A13E-AC3A628389FB}.Debug|Any CPU.ActiveCfg = Debug|Any CPU
		{EC2460B7-EA75-4BB9-A13E-AC3A628389FB}.Debug|Any CPU.Build.0 = Debug|Any CPU
		{EC2460B7-EA75-4BB9-A13E-AC3A628389FB}.Release|Any CPU.ActiveCfg = Release|Any CPU
		{EC2460B7-EA75-4BB9-A13E-AC3A628389FB}.Release|Any CPU.Build.0 = Release|Any CPU
	EndGlobalSection
	GlobalSection(SolutionProperties) = preSolution
		HideSolutionNode = FALSE
	EndGlobalSection
	GlobalSection(ExtensibilityGlobals) = postSolution
		SolutionGuid = {3AD0B2F7-A301-40B1-9650-CD48856F7404}
	EndGlobalSection
EndGlobal
