
Microsoft Visual Studio Solution File, Format Version 12.00
# Visual Studio Version 17
VisualStudioVersion = 17.5.33424.131
MinimumVisualStudioVersion = 10.0.40219.1
Project("{FAE04EC0-301F-11D3-BF4B-00C04F79EFBC}") = "Ejercicio22", "Ejercicio22\Ejercicio22.csproj", "{DB1C86D7-AED8-45A7-8834-6723755C2E6E}"
EndProject
Global
	GlobalSection(SolutionConfigurationPlatforms) = preSolution
		Debug|Any CPU = Debug|Any CPU
		Release|Any CPU = Release|Any CPU
	EndGlobalSection
	GlobalSection(ProjectConfigurationPlatforms) = postSolution
		{DB1C86D7-AED8-45A7-8834-6723755C2E6E}.Debug|Any CPU.ActiveCfg = Debug|Any CPU
		{DB1C86D7-AED8-45A7-8834-6723755C2E6E}.Debug|Any CPU.Build.0 = Debug|Any CPU
		{DB1C86D7-AED8-45A7-8834-6723755C2E6E}.Release|Any CPU.ActiveCfg = Release|Any CPU
		{DB1C86D7-AED8-45A7-8834-6723755C2E6E}.Release|Any CPU.Build.0 = Release|Any CPU
	EndGlobalSection
	GlobalSection(SolutionProperties) = preSolution
		HideSolutionNode = FALSE
	EndGlobalSection
	GlobalSection(ExtensibilityGlobals) = postSolution
		SolutionGuid = {A3AE7021-019D-4783-83F1-A4A0B491E999}
	EndGlobalSection
EndGlobal
