
Microsoft Visual Studio Solution File, Format Version 12.00
# Visual Studio Version 17
VisualStudioVersion = 17.5.33424.131
MinimumVisualStudioVersion = 10.0.40219.1
Project("{FAE04EC0-301F-11D3-BF4B-00C04F79EFBC}") = "Ejercicio28", "Ejercicio28\Ejercicio28.csproj", "{23FBB0C3-ECD7-4273-BD41-84FA71D0108E}"
EndProject
Global
	GlobalSection(SolutionConfigurationPlatforms) = preSolution
		Debug|Any CPU = Debug|Any CPU
		Release|Any CPU = Release|Any CPU
	EndGlobalSection
	GlobalSection(ProjectConfigurationPlatforms) = postSolution
		{23FBB0C3-ECD7-4273-BD41-84FA71D0108E}.Debug|Any CPU.ActiveCfg = Debug|Any CPU
		{23FBB0C3-ECD7-4273-BD41-84FA71D0108E}.Debug|Any CPU.Build.0 = Debug|Any CPU
		{23FBB0C3-ECD7-4273-BD41-84FA71D0108E}.Release|Any CPU.ActiveCfg = Release|Any CPU
		{23FBB0C3-ECD7-4273-BD41-84FA71D0108E}.Release|Any CPU.Build.0 = Release|Any CPU
	EndGlobalSection
	GlobalSection(SolutionProperties) = preSolution
		HideSolutionNode = FALSE
	EndGlobalSection
	GlobalSection(ExtensibilityGlobals) = postSolution
		SolutionGuid = {D68A5781-3784-4CCA-9F4F-BEB02DB21E0C}
	EndGlobalSection
EndGlobal
