
Microsoft Visual Studio Solution File, Format Version 12.00
# Visual Studio Version 17
VisualStudioVersion = 17.0.31912.275
MinimumVisualStudioVersion = 10.0.40219.1
Project("{FAE04EC0-301F-11D3-BF4B-00C04F79EFBC}") = "Validar_Numeros", "Validar_Numeros\Validar_Numeros.csproj", "{0125F46A-C048-40C9-8739-0F84D644428E}"
EndProject
Global
	GlobalSection(SolutionConfigurationPlatforms) = preSolution
		Debug|Any CPU = Debug|Any CPU
		Release|Any CPU = Release|Any CPU
	EndGlobalSection
	GlobalSection(ProjectConfigurationPlatforms) = postSolution
		{0125F46A-C048-40C9-8739-0F84D644428E}.Debug|Any CPU.ActiveCfg = Debug|Any CPU
		{0125F46A-C048-40C9-8739-0F84D644428E}.Debug|Any CPU.Build.0 = Debug|Any CPU
		{0125F46A-C048-40C9-8739-0F84D644428E}.Release|Any CPU.ActiveCfg = Release|Any CPU
		{0125F46A-C048-40C9-8739-0F84D644428E}.Release|Any CPU.Build.0 = Release|Any CPU
	EndGlobalSection
	GlobalSection(SolutionProperties) = preSolution
		HideSolutionNode = FALSE
	EndGlobalSection
	GlobalSection(ExtensibilityGlobals) = postSolution
		SolutionGuid = {DB0BDF04-D3B3-4A61-AED1-219F066BDDB2}
	EndGlobalSection
EndGlobal
