
Microsoft Visual Studio Solution File, Format Version 12.00
# Visual Studio Version 17
VisualStudioVersion = 17.5.33424.131
MinimumVisualStudioVersion = 10.0.40219.1
Project("{FAE04EC0-301F-11D3-BF4B-00C04F79EFBC}") = "Ejercicio41", "Ejercicio41\Ejercicio41.csproj", "{92D43935-60DB-411A-9EA4-9A51219292F5}"
EndProject
Global
	GlobalSection(SolutionConfigurationPlatforms) = preSolution
		Debug|Any CPU = Debug|Any CPU
		Release|Any CPU = Release|Any CPU
	EndGlobalSection
	GlobalSection(ProjectConfigurationPlatforms) = postSolution
		{92D43935-60DB-411A-9EA4-9A51219292F5}.Debug|Any CPU.ActiveCfg = Debug|Any CPU
		{92D43935-60DB-411A-9EA4-9A51219292F5}.Debug|Any CPU.Build.0 = Debug|Any CPU
		{92D43935-60DB-411A-9EA4-9A51219292F5}.Release|Any CPU.ActiveCfg = Release|Any CPU
		{92D43935-60DB-411A-9EA4-9A51219292F5}.Release|Any CPU.Build.0 = Release|Any CPU
	EndGlobalSection
	GlobalSection(SolutionProperties) = preSolution
		HideSolutionNode = FALSE
	EndGlobalSection
	GlobalSection(ExtensibilityGlobals) = postSolution
		SolutionGuid = {2D947819-436C-4148-B6BF-ECC3BDE4EBC4}
	EndGlobalSection
EndGlobal
