
Microsoft Visual Studio Solution File, Format Version 12.00
# Visual Studio Version 17
VisualStudioVersion = 17.5.33424.131
MinimumVisualStudioVersion = 10.0.40219.1
Project("{FAE04EC0-301F-11D3-BF4B-00C04F79EFBC}") = "Ejercicio12", "Ejercicio12\Ejercicio12.csproj", "{F80ABAF8-CA52-4B16-BBD4-5B7D17BCA81A}"
EndProject
Global
	GlobalSection(SolutionConfigurationPlatforms) = preSolution
		Debug|Any CPU = Debug|Any CPU
		Release|Any CPU = Release|Any CPU
	EndGlobalSection
	GlobalSection(ProjectConfigurationPlatforms) = postSolution
		{F80ABAF8-CA52-4B16-BBD4-5B7D17BCA81A}.Debug|Any CPU.ActiveCfg = Debug|Any CPU
		{F80ABAF8-CA52-4B16-BBD4-5B7D17BCA81A}.Debug|Any CPU.Build.0 = Debug|Any CPU
		{F80ABAF8-CA52-4B16-BBD4-5B7D17BCA81A}.Release|Any CPU.ActiveCfg = Release|Any CPU
		{F80ABAF8-CA52-4B16-BBD4-5B7D17BCA81A}.Release|Any CPU.Build.0 = Release|Any CPU
	EndGlobalSection
	GlobalSection(SolutionProperties) = preSolution
		HideSolutionNode = FALSE
	EndGlobalSection
	GlobalSection(ExtensibilityGlobals) = postSolution
		SolutionGuid = {B6DF69EC-A9D3-4F47-8FC3-E2CBB1D21D87}
	EndGlobalSection
EndGlobal
