
Microsoft Visual Studio Solution File, Format Version 12.00
# Visual Studio Version 17
VisualStudioVersion = 17.0.31912.275
MinimumVisualStudioVersion = 10.0.40219.1
Project("{FAE04EC0-301F-11D3-BF4B-00C04F79EFBC}") = "ListasEjemplo", "ListasEjemplo\ListasEjemplo.csproj", "{F9689350-CFE5-4BFB-8948-3C91B6D6F902}"
EndProject
Global
	GlobalSection(SolutionConfigurationPlatforms) = preSolution
		Debug|Any CPU = Debug|Any CPU
		Release|Any CPU = Release|Any CPU
	EndGlobalSection
	GlobalSection(ProjectConfigurationPlatforms) = postSolution
		{F9689350-CFE5-4BFB-8948-3C91B6D6F902}.Debug|Any CPU.ActiveCfg = Debug|Any CPU
		{F9689350-CFE5-4BFB-8948-3C91B6D6F902}.Debug|Any CPU.Build.0 = Debug|Any CPU
		{F9689350-CFE5-4BFB-8948-3C91B6D6F902}.Release|Any CPU.ActiveCfg = Release|Any CPU
		{F9689350-CFE5-4BFB-8948-3C91B6D6F902}.Release|Any CPU.Build.0 = Release|Any CPU
	EndGlobalSection
	GlobalSection(SolutionProperties) = preSolution
		HideSolutionNode = FALSE
	EndGlobalSection
	GlobalSection(ExtensibilityGlobals) = postSolution
		SolutionGuid = {7CD1C949-B20A-4896-9881-C12CB871BF1B}
	EndGlobalSection
EndGlobal
