
Microsoft Visual Studio Solution File, Format Version 12.00
# Visual Studio Version 17
VisualStudioVersion = 17.5.33424.131
MinimumVisualStudioVersion = 10.0.40219.1
Project("{FAE04EC0-301F-11D3-BF4B-00C04F79EFBC}") = "Ejercicio61", "Ejercicio61\Ejercicio61.csproj", "{667E6AA1-FDDE-4CBF-81D3-2912DD9305C8}"
EndProject
Global
	GlobalSection(SolutionConfigurationPlatforms) = preSolution
		Debug|Any CPU = Debug|Any CPU
		Release|Any CPU = Release|Any CPU
	EndGlobalSection
	GlobalSection(ProjectConfigurationPlatforms) = postSolution
		{667E6AA1-FDDE-4CBF-81D3-2912DD9305C8}.Debug|Any CPU.ActiveCfg = Debug|Any CPU
		{667E6AA1-FDDE-4CBF-81D3-2912DD9305C8}.Debug|Any CPU.Build.0 = Debug|Any CPU
		{667E6AA1-FDDE-4CBF-81D3-2912DD9305C8}.Release|Any CPU.ActiveCfg = Release|Any CPU
		{667E6AA1-FDDE-4CBF-81D3-2912DD9305C8}.Release|Any CPU.Build.0 = Release|Any CPU
	EndGlobalSection
	GlobalSection(SolutionProperties) = preSolution
		HideSolutionNode = FALSE
	EndGlobalSection
	GlobalSection(ExtensibilityGlobals) = postSolution
		SolutionGuid = {77F0E6C4-8B23-431D-B2DD-470F0567E482}
	EndGlobalSection
EndGlobal
