
Microsoft Visual Studio Solution File, Format Version 12.00
# Visual Studio Version 17
VisualStudioVersion = 17.5.33424.131
MinimumVisualStudioVersion = 10.0.40219.1
Project("{FAE04EC0-301F-11D3-BF4B-00C04F79EFBC}") = "Ejercicio23", "Ejercicio23\Ejercicio23.csproj", "{DF789611-1C26-4B38-B8AB-91023A3CAC2B}"
EndProject
Global
	GlobalSection(SolutionConfigurationPlatforms) = preSolution
		Debug|Any CPU = Debug|Any CPU
		Release|Any CPU = Release|Any CPU
	EndGlobalSection
	GlobalSection(ProjectConfigurationPlatforms) = postSolution
		{DF789611-1C26-4B38-B8AB-91023A3CAC2B}.Debug|Any CPU.ActiveCfg = Debug|Any CPU
		{DF789611-1C26-4B38-B8AB-91023A3CAC2B}.Debug|Any CPU.Build.0 = Debug|Any CPU
		{DF789611-1C26-4B38-B8AB-91023A3CAC2B}.Release|Any CPU.ActiveCfg = Release|Any CPU
		{DF789611-1C26-4B38-B8AB-91023A3CAC2B}.Release|Any CPU.Build.0 = Release|Any CPU
	EndGlobalSection
	GlobalSection(SolutionProperties) = preSolution
		HideSolutionNode = FALSE
	EndGlobalSection
	GlobalSection(ExtensibilityGlobals) = postSolution
		SolutionGuid = {33BD056D-0FF9-437E-8ED1-0C9595199089}
	EndGlobalSection
EndGlobal
