
Microsoft Visual Studio Solution File, Format Version 12.00
# Visual Studio Version 17
VisualStudioVersion = 17.5.33424.131
MinimumVisualStudioVersion = 10.0.40219.1
Project("{FAE04EC0-301F-11D3-BF4B-00C04F79EFBC}") = "Ejercicio8", "Ejercicio8\Ejercicio8.csproj", "{AF6360C2-8719-4D19-9BF3-128CC1E79EC3}"
EndProject
Global
	GlobalSection(SolutionConfigurationPlatforms) = preSolution
		Debug|Any CPU = Debug|Any CPU
		Release|Any CPU = Release|Any CPU
	EndGlobalSection
	GlobalSection(ProjectConfigurationPlatforms) = postSolution
		{AF6360C2-8719-4D19-9BF3-128CC1E79EC3}.Debug|Any CPU.ActiveCfg = Debug|Any CPU
		{AF6360C2-8719-4D19-9BF3-128CC1E79EC3}.Debug|Any CPU.Build.0 = Debug|Any CPU
		{AF6360C2-8719-4D19-9BF3-128CC1E79EC3}.Release|Any CPU.ActiveCfg = Release|Any CPU
		{AF6360C2-8719-4D19-9BF3-128CC1E79EC3}.Release|Any CPU.Build.0 = Release|Any CPU
	EndGlobalSection
	GlobalSection(SolutionProperties) = preSolution
		HideSolutionNode = FALSE
	EndGlobalSection
	GlobalSection(ExtensibilityGlobals) = postSolution
		SolutionGuid = {FAC361CE-1B76-469B-A9FC-F256DD196685}
	EndGlobalSection
EndGlobal
