
Microsoft Visual Studio Solution File, Format Version 12.00
# Visual Studio Version 17
VisualStudioVersion = 17.5.33424.131
MinimumVisualStudioVersion = 10.0.40219.1
Project("{FAE04EC0-301F-11D3-BF4B-00C04F79EFBC}") = "Ejercicio15", "Ejercicio15\Ejercicio15.csproj", "{3682023B-BA2B-43D5-AADC-BA81DE19E290}"
EndProject
Global
	GlobalSection(SolutionConfigurationPlatforms) = preSolution
		Debug|Any CPU = Debug|Any CPU
		Release|Any CPU = Release|Any CPU
	EndGlobalSection
	GlobalSection(ProjectConfigurationPlatforms) = postSolution
		{3682023B-BA2B-43D5-AADC-BA81DE19E290}.Debug|Any CPU.ActiveCfg = Debug|Any CPU
		{3682023B-BA2B-43D5-AADC-BA81DE19E290}.Debug|Any CPU.Build.0 = Debug|Any CPU
		{3682023B-BA2B-43D5-AADC-BA81DE19E290}.Release|Any CPU.ActiveCfg = Release|Any CPU
		{3682023B-BA2B-43D5-AADC-BA81DE19E290}.Release|Any CPU.Build.0 = Release|Any CPU
	EndGlobalSection
	GlobalSection(SolutionProperties) = preSolution
		HideSolutionNode = FALSE
	EndGlobalSection
	GlobalSection(ExtensibilityGlobals) = postSolution
		SolutionGuid = {2E71AACF-3B2F-4F82-912C-133A3818C12A}
	EndGlobalSection
EndGlobal
