
Microsoft Visual Studio Solution File, Format Version 12.00
# Visual Studio Version 17
VisualStudioVersion = 17.5.33424.131
MinimumVisualStudioVersion = 10.0.40219.1
Project("{FAE04EC0-301F-11D3-BF4B-00C04F79EFBC}") = "CicloFor", "CicloFor\CicloFor.csproj", "{73177A30-5D27-41EC-84BD-34A1570A9D0B}"
EndProject
Global
	GlobalSection(SolutionConfigurationPlatforms) = preSolution
		Debug|Any CPU = Debug|Any CPU
		Release|Any CPU = Release|Any CPU
	EndGlobalSection
	GlobalSection(ProjectConfigurationPlatforms) = postSolution
		{73177A30-5D27-41EC-84BD-34A1570A9D0B}.Debug|Any CPU.ActiveCfg = Debug|Any CPU
		{73177A30-5D27-41EC-84BD-34A1570A9D0B}.Debug|Any CPU.Build.0 = Debug|Any CPU
		{73177A30-5D27-41EC-84BD-34A1570A9D0B}.Release|Any CPU.ActiveCfg = Release|Any CPU
		{73177A30-5D27-41EC-84BD-34A1570A9D0B}.Release|Any CPU.Build.0 = Release|Any CPU
	EndGlobalSection
	GlobalSection(SolutionProperties) = preSolution
		HideSolutionNode = FALSE
	EndGlobalSection
	GlobalSection(ExtensibilityGlobals) = postSolution
		SolutionGuid = {4BB9C874-F2FA-42E3-947F-D273D38B9FA3}
	EndGlobalSection
EndGlobal
